
Microsoft Visual Studio Solution File, Format Version 12.00
# Visual Studio Version 17
VisualStudioVersion = 17.13.35919.96 d17.13
MinimumVisualStudioVersion = 10.0.40219.1
Project("{FAE04EC0-301F-11D3-BF4B-00C04F79EFBC}") = "LGS_Tracking_Application", "LGS_Tracking_Application.csproj", "{516D157A-A58F-4B97-970A-C260D246AE01}"
EndProject
Global
	GlobalSection(SolutionConfigurationPlatforms) = preSolution
		Debug|Any CPU = Debug|Any CPU
		Release|Any CPU = Release|Any CPU
	EndGlobalSection
	GlobalSection(ProjectConfigurationPlatforms) = postSolution
		{516D157A-A58F-4B97-970A-C260D246AE01}.Debug|Any CPU.ActiveCfg = Debug|Any CPU
		{516D157A-A58F-4B97-970A-C260D246AE01}.Debug|Any CPU.Build.0 = Debug|Any CPU
		{516D157A-A58F-4B97-970A-C260D246AE01}.Release|Any CPU.ActiveCfg = Release|Any CPU
		{516D157A-A58F-4B97-970A-C260D246AE01}.Release|Any CPU.Build.0 = Release|Any CPU
	EndGlobalSection
	GlobalSection(SolutionProperties) = preSolution
		HideSolutionNode = FALSE
	EndGlobalSection
	GlobalSection(ExtensibilityGlobals) = postSolution
		SolutionGuid = {5A612E91-3653-453C-ACA9-EF2BCC6AFD9F}
	EndGlobalSection
EndGlobal
